
Microsoft Visual Studio Solution File, Format Version 12.00
# Visual Studio 15
VisualStudioVersion = 15.0.28307.852
MinimumVisualStudioVersion = 10.0.40219.1
Project("{FAE04EC0-301F-11D3-BF4B-00C04F79EFBC}") = "Darka", "Darka\Darka.csproj", "{EEE1CE7C-FD8E-4FA5-B8E4-2C0C90140CCB}"
EndProject
Project("{FAE04EC0-301F-11D3-BF4B-00C04F79EFBC}") = "Darka.Core", "Darka.Core\Darka.Core.csproj", "{B4F0B45C-C037-4204-8E30-0E57042BF481}"
EndProject
Project("{FAE04EC0-301F-11D3-BF4B-00C04F79EFBC}") = "Darka.Data", "Darka.Data\Darka.Data.csproj", "{CB7AC40C-9F9E-4B84-9D6C-5D8A583CA0F8}"
EndProject
Global
	GlobalSection(SolutionConfigurationPlatforms) = preSolution
		Debug|Any CPU = Debug|Any CPU
		Release|Any CPU = Release|Any CPU
	EndGlobalSection
	GlobalSection(ProjectConfigurationPlatforms) = postSolution
		{EEE1CE7C-FD8E-4FA5-B8E4-2C0C90140CCB}.Debug|Any CPU.ActiveCfg = Debug|Any CPU
		{EEE1CE7C-FD8E-4FA5-B8E4-2C0C90140CCB}.Debug|Any CPU.Build.0 = Debug|Any CPU
		{EEE1CE7C-FD8E-4FA5-B8E4-2C0C90140CCB}.Release|Any CPU.ActiveCfg = Release|Any CPU
		{EEE1CE7C-FD8E-4FA5-B8E4-2C0C90140CCB}.Release|Any CPU.Build.0 = Release|Any CPU
		{B4F0B45C-C037-4204-8E30-0E57042BF481}.Debug|Any CPU.ActiveCfg = Debug|Any CPU
		{B4F0B45C-C037-4204-8E30-0E57042BF481}.Debug|Any CPU.Build.0 = Debug|Any CPU
		{B4F0B45C-C037-4204-8E30-0E57042BF481}.Release|Any CPU.ActiveCfg = Release|Any CPU
		{B4F0B45C-C037-4204-8E30-0E57042BF481}.Release|Any CPU.Build.0 = Release|Any CPU
		{CB7AC40C-9F9E-4B84-9D6C-5D8A583CA0F8}.Debug|Any CPU.ActiveCfg = Debug|Any CPU
		{CB7AC40C-9F9E-4B84-9D6C-5D8A583CA0F8}.Debug|Any CPU.Build.0 = Debug|Any CPU
		{CB7AC40C-9F9E-4B84-9D6C-5D8A583CA0F8}.Release|Any CPU.ActiveCfg = Release|Any CPU
		{CB7AC40C-9F9E-4B84-9D6C-5D8A583CA0F8}.Release|Any CPU.Build.0 = Release|Any CPU
	EndGlobalSection
	GlobalSection(SolutionProperties) = preSolution
		HideSolutionNode = FALSE
	EndGlobalSection
	GlobalSection(ExtensibilityGlobals) = postSolution
		SolutionGuid = {DA2BECA5-FD86-4D2D-AA48-56FB2F0DDCD5}
	EndGlobalSection
EndGlobal
